
Microsoft Visual Studio Solution File, Format Version 12.00
# Visual Studio Version 17
VisualStudioVersion = 17.13.35931.197 d17.13
MinimumVisualStudioVersion = 10.0.40219.1
Project("{FAE04EC0-301F-11D3-BF4B-00C04F79EFBC}") = "Berrilan.Claims.Core", "Berrilan.Claims.Core\Berrilan.Claims.Core.csproj", "{0648FAA0-4267-4F69-9362-83AAAB7A92D7}"
EndProject
Project("{FAE04EC0-301F-11D3-BF4B-00C04F79EFBC}") = "Berrilan.Claims.Api", "Berrilan.Claims.Api\Berrilan.Claims.Api.csproj", "{2979E0BF-A9EF-4906-BF8D-192F3CA3B0F4}"
EndProject
Global
	GlobalSection(SolutionConfigurationPlatforms) = preSolution
		Debug|Any CPU = Debug|Any CPU
		Release|Any CPU = Release|Any CPU
	EndGlobalSection
	GlobalSection(ProjectConfigurationPlatforms) = postSolution
		{0648FAA0-4267-4F69-9362-83AAAB7A92D7}.Debug|Any CPU.ActiveCfg = Debug|Any CPU
		{0648FAA0-4267-4F69-9362-83AAAB7A92D7}.Debug|Any CPU.Build.0 = Debug|Any CPU
		{0648FAA0-4267-4F69-9362-83AAAB7A92D7}.Release|Any CPU.ActiveCfg = Release|Any CPU
		{0648FAA0-4267-4F69-9362-83AAAB7A92D7}.Release|Any CPU.Build.0 = Release|Any CPU
		{2979E0BF-A9EF-4906-BF8D-192F3CA3B0F4}.Debug|Any CPU.ActiveCfg = Debug|Any CPU
		{2979E0BF-A9EF-4906-BF8D-192F3CA3B0F4}.Debug|Any CPU.Build.0 = Debug|Any CPU
		{2979E0BF-A9EF-4906-BF8D-192F3CA3B0F4}.Release|Any CPU.ActiveCfg = Release|Any CPU
		{2979E0BF-A9EF-4906-BF8D-192F3CA3B0F4}.Release|Any CPU.Build.0 = Release|Any CPU
	EndGlobalSection
	GlobalSection(SolutionProperties) = preSolution
		HideSolutionNode = FALSE
	EndGlobalSection
	GlobalSection(ExtensibilityGlobals) = postSolution
		SolutionGuid = {796558D6-7CFD-4571-B229-F5F10CD12B9A}
	EndGlobalSection
EndGlobal
